
Microsoft Visual Studio Solution File, Format Version 12.00
# Visual Studio 15
VisualStudioVersion = 15.0.26124.0
MinimumVisualStudioVersion = 15.0.26124.0
Project("{2150E333-8FDC-42A3-9474-1A3956D46DE8}") = "src", "src", "{BF5EB91C-97FA-40D7-B4CB-DB1231D0C5E1}"
EndProject
Project("{FAE04EC0-301F-11D3-BF4B-00C04F79EFBC}") = "Frontend", "src\Frontend\Frontend.csproj", "{8A2E4C54-AF05-47A0-906D-00D6FD0F2BFF}"
EndProject
Project("{FAE04EC0-301F-11D3-BF4B-00C04F79EFBC}") = "Api", "src\Api\Api.csproj", "{32F11D4A-BD7E-4172-87CD-6811C3A9E5FF}"
EndProject
Project("{FAE04EC0-301F-11D3-BF4B-00C04F79EFBC}") = "Worker", "src\Worker\Worker.csproj", "{57D2C3BB-6EF6-4E9B-97B2-C07BF1FA343E}"
EndProject
Global
	GlobalSection(SolutionConfigurationPlatforms) = preSolution
		Debug|Any CPU = Debug|Any CPU
		Debug|x64 = Debug|x64
		Debug|x86 = Debug|x86
		Release|Any CPU = Release|Any CPU
		Release|x64 = Release|x64
		Release|x86 = Release|x86
	EndGlobalSection
	GlobalSection(SolutionProperties) = preSolution
		HideSolutionNode = FALSE
	EndGlobalSection
	GlobalSection(ProjectConfigurationPlatforms) = postSolution
		{8A2E4C54-AF05-47A0-906D-00D6FD0F2BFF}.Debug|Any CPU.ActiveCfg = Debug|Any CPU
		{8A2E4C54-AF05-47A0-906D-00D6FD0F2BFF}.Debug|Any CPU.Build.0 = Debug|Any CPU
		{8A2E4C54-AF05-47A0-906D-00D6FD0F2BFF}.Debug|x64.ActiveCfg = Debug|Any CPU
		{8A2E4C54-AF05-47A0-906D-00D6FD0F2BFF}.Debug|x64.Build.0 = Debug|Any CPU
		{8A2E4C54-AF05-47A0-906D-00D6FD0F2BFF}.Debug|x86.ActiveCfg = Debug|Any CPU
		{8A2E4C54-AF05-47A0-906D-00D6FD0F2BFF}.Debug|x86.Build.0 = Debug|Any CPU
		{8A2E4C54-AF05-47A0-906D-00D6FD0F2BFF}.Release|Any CPU.ActiveCfg = Release|Any CPU
		{8A2E4C54-AF05-47A0-906D-00D6FD0F2BFF}.Release|Any CPU.Build.0 = Release|Any CPU
		{8A2E4C54-AF05-47A0-906D-00D6FD0F2BFF}.Release|x64.ActiveCfg = Release|Any CPU
		{8A2E4C54-AF05-47A0-906D-00D6FD0F2BFF}.Release|x64.Build.0 = Release|Any CPU
		{8A2E4C54-AF05-47A0-906D-00D6FD0F2BFF}.Release|x86.ActiveCfg = Release|Any CPU
		{8A2E4C54-AF05-47A0-906D-00D6FD0F2BFF}.Release|x86.Build.0 = Release|Any CPU
		{32F11D4A-BD7E-4172-87CD-6811C3A9E5FF}.Debug|Any CPU.ActiveCfg = Debug|Any CPU
		{32F11D4A-BD7E-4172-87CD-6811C3A9E5FF}.Debug|Any CPU.Build.0 = Debug|Any CPU
		{32F11D4A-BD7E-4172-87CD-6811C3A9E5FF}.Debug|x64.ActiveCfg = Debug|Any CPU
		{32F11D4A-BD7E-4172-87CD-6811C3A9E5FF}.Debug|x64.Build.0 = Debug|Any CPU
		{32F11D4A-BD7E-4172-87CD-6811C3A9E5FF}.Debug|x86.ActiveCfg = Debug|Any CPU
		{32F11D4A-BD7E-4172-87CD-6811C3A9E5FF}.Debug|x86.Build.0 = Debug|Any CPU
		{32F11D4A-BD7E-4172-87CD-6811C3A9E5FF}.Release|Any CPU.ActiveCfg = Release|Any CPU
		{32F11D4A-BD7E-4172-87CD-6811C3A9E5FF}.Release|Any CPU.Build.0 = Release|Any CPU
		{32F11D4A-BD7E-4172-87CD-6811C3A9E5FF}.Release|x64.ActiveCfg = Release|Any CPU
		{32F11D4A-BD7E-4172-87CD-6811C3A9E5FF}.Release|x64.Build.0 = Release|Any CPU
		{32F11D4A-BD7E-4172-87CD-6811C3A9E5FF}.Release|x86.ActiveCfg = Release|Any CPU
		{32F11D4A-BD7E-4172-87CD-6811C3A9E5FF}.Release|x86.Build.0 = Release|Any CPU
		{57D2C3BB-6EF6-4E9B-97B2-C07BF1FA343E}.Debug|Any CPU.ActiveCfg = Debug|Any CPU
		{57D2C3BB-6EF6-4E9B-97B2-C07BF1FA343E}.Debug|Any CPU.Build.0 = Debug|Any CPU
		{57D2C3BB-6EF6-4E9B-97B2-C07BF1FA343E}.Debug|x64.ActiveCfg = Debug|Any CPU
		{57D2C3BB-6EF6-4E9B-97B2-C07BF1FA343E}.Debug|x64.Build.0 = Debug|Any CPU
		{57D2C3BB-6EF6-4E9B-97B2-C07BF1FA343E}.Debug|x86.ActiveCfg = Debug|Any CPU
		{57D2C3BB-6EF6-4E9B-97B2-C07BF1FA343E}.Debug|x86.Build.0 = Debug|Any CPU
		{57D2C3BB-6EF6-4E9B-97B2-C07BF1FA343E}.Release|Any CPU.ActiveCfg = Release|Any CPU
		{57D2C3BB-6EF6-4E9B-97B2-C07BF1FA343E}.Release|Any CPU.Build.0 = Release|Any CPU
		{57D2C3BB-6EF6-4E9B-97B2-C07BF1FA343E}.Release|x64.ActiveCfg = Release|Any CPU
		{57D2C3BB-6EF6-4E9B-97B2-C07BF1FA343E}.Release|x64.Build.0 = Release|Any CPU
		{57D2C3BB-6EF6-4E9B-97B2-C07BF1FA343E}.Release|x86.ActiveCfg = Release|Any CPU
		{57D2C3BB-6EF6-4E9B-97B2-C07BF1FA343E}.Release|x86.Build.0 = Release|Any CPU
	EndGlobalSection
	GlobalSection(NestedProjects) = preSolution
		{8A2E4C54-AF05-47A0-906D-00D6FD0F2BFF} = {BF5EB91C-97FA-40D7-B4CB-DB1231D0C5E1}
		{32F11D4A-BD7E-4172-87CD-6811C3A9E5FF} = {BF5EB91C-97FA-40D7-B4CB-DB1231D0C5E1}
		{57D2C3BB-6EF6-4E9B-97B2-C07BF1FA343E} = {BF5EB91C-97FA-40D7-B4CB-DB1231D0C5E1}
	EndGlobalSection
EndGlobal
